dependencies:
  espressif/button:
    component_hash: d0afa32f0e50d60bc0c6fc23f7eea98adc6b02cfe70b590bc52c23c506745287
    dependencies:
    - name: espressif/cmake_utilities
      registry_url: https://components.espressif.com
      require: private
      version: '*'
    - name: idf
      require: private
      version: '>=4.0'
    source:
      registry_url: https://components.espressif.com/
      type: service
    version: 4.1.6
  espressif/cmake_utilities:
    component_hash: 05165f30922b422b4b90c08845e6d449329b97370fbd06309803d8cb539d79e3
    dependencies:
    - name: idf
      require: private
      version: '>=4.1'
    source:
      registry_url: https://components.espressif.com
      type: service
    version: 1.1.1
  espressif/esp-now:
    component_hash: 217f4e2c1672bcc71e5890fb3659528bbce5f1a8a995b1668fec9374acbd0f45
    dependencies:
    - name: espressif/cmake_utilities
      registry_url: https://components.espressif.com
      require: private
      version: '>=0.5.3'
    - name: idf
      require: private
      version: '>=4.4'
    source:
      registry_url: https://components.espressif.com/
      type: service
    version: 2.5.3
  espressif/mdns:
    component_hash: 7c0fa01a1cd0e72a87ec1928c3b661c0a3a9034a6d3a69dcf4850db8c6f272db
    dependencies:
    - name: idf
      require: private
      version: '>=5.0'
    source:
      registry_url: https://components.espressif.com/
      type: service
    version: 1.10.1
  idf:
    source:
      type: idf
    version: 5.4.3
direct_dependencies:
- espressif/button
- espressif/esp-now
- espressif/mdns
- idf
manifest_hash: 5d16d8dc3255039d29d9066b0d0ca27695bc402ee4afaee02f860630dc0e0ab7
target: esp32
version: 2.0.0
